
Microsoft Visual Studio Solution File, Format Version 12.00
# Visual Studio Version 17
VisualStudioVersion = 17.4.33213.308
MinimumVisualStudioVersion = 10.0.40219.1
Project("{FAE04EC0-301F-11D3-BF4B-00C04F79EFBC}") = "Rpg_api", "Rpg_api\Rpg_api.csproj", "{B25C9300-3331-4928-9771-54603F47C01F}"
EndProject
Global
	GlobalSection(SolutionConfigurationPlatforms) = preSolution
		Debug|Any CPU = Debug|Any CPU
		Release|Any CPU = Release|Any CPU
	EndGlobalSection
	GlobalSection(ProjectConfigurationPlatforms) = postSolution
		{B25C9300-3331-4928-9771-54603F47C01F}.Debug|Any CPU.ActiveCfg = Debug|Any CPU
		{B25C9300-3331-4928-9771-54603F47C01F}.Debug|Any CPU.Build.0 = Debug|Any CPU
		{B25C9300-3331-4928-9771-54603F47C01F}.Release|Any CPU.ActiveCfg = Release|Any CPU
		{B25C9300-3331-4928-9771-54603F47C01F}.Release|Any CPU.Build.0 = Release|Any CPU
	EndGlobalSection
	GlobalSection(SolutionProperties) = preSolution
		HideSolutionNode = FALSE
	EndGlobalSection
	GlobalSection(ExtensibilityGlobals) = postSolution
		SolutionGuid = {34402D01-12EF-43E6-969C-78076A094BE4}
	EndGlobalSection
EndGlobal
